
Microsoft Visual Studio Solution File, Format Version 12.00
# Visual Studio Version 17
VisualStudioVersion = 17.5.002.0
MinimumVisualStudioVersion = 10.0.40219.1
Project("{9A19103F-16F7-4668-BE54-9A1E7A4F7556}") = "MyFirstAlgorithm", "MyFirstAlgorithm.csproj", "{DBB6DAE7-85C0-43AC-9E2D-6236966EB317}"
EndProject
Global
	GlobalSection(SolutionConfigurationPlatforms) = preSolution
		Debug|Any CPU = Debug|Any CPU
		Release|Any CPU = Release|Any CPU
	EndGlobalSection
	GlobalSection(ProjectConfigurationPlatforms) = postSolution
		{DBB6DAE7-85C0-43AC-9E2D-6236966EB317}.Debug|Any CPU.ActiveCfg = Debug|Any CPU
		{DBB6DAE7-85C0-43AC-9E2D-6236966EB317}.Debug|Any CPU.Build.0 = Debug|Any CPU
		{DBB6DAE7-85C0-43AC-9E2D-6236966EB317}.Release|Any CPU.ActiveCfg = Release|Any CPU
		{DBB6DAE7-85C0-43AC-9E2D-6236966EB317}.Release|Any CPU.Build.0 = Release|Any CPU
	EndGlobalSection
	GlobalSection(SolutionProperties) = preSolution
		HideSolutionNode = FALSE
	EndGlobalSection
	GlobalSection(ExtensibilityGlobals) = postSolution
		SolutionGuid = {776A7311-4AC1-47A1-8B3A-5CD758DB2833}
	EndGlobalSection
EndGlobal
