
Microsoft Visual Studio Solution File, Format Version 12.00
# Visual Studio Version 17
VisualStudioVersion = 17.5.002.0
MinimumVisualStudioVersion = 10.0.40219.1
Project("{9A19103F-16F7-4668-BE54-9A1E7A4F7556}") = "MyFifthAlgorithm_Conditionals", "MyFifthAlgorithm_Conditionals.csproj", "{A019A345-1F66-4135-8409-446EE0B89ED4}"
EndProject
Global
	GlobalSection(SolutionConfigurationPlatforms) = preSolution
		Debug|Any CPU = Debug|Any CPU
		Release|Any CPU = Release|Any CPU
	EndGlobalSection
	GlobalSection(ProjectConfigurationPlatforms) = postSolution
		{A019A345-1F66-4135-8409-446EE0B89ED4}.Debug|Any CPU.ActiveCfg = Debug|Any CPU
		{A019A345-1F66-4135-8409-446EE0B89ED4}.Debug|Any CPU.Build.0 = Debug|Any CPU
		{A019A345-1F66-4135-8409-446EE0B89ED4}.Release|Any CPU.ActiveCfg = Release|Any CPU
		{A019A345-1F66-4135-8409-446EE0B89ED4}.Release|Any CPU.Build.0 = Release|Any CPU
	EndGlobalSection
	GlobalSection(SolutionProperties) = preSolution
		HideSolutionNode = FALSE
	EndGlobalSection
	GlobalSection(ExtensibilityGlobals) = postSolution
		SolutionGuid = {491B463A-1CAA-45C7-A843-482084E61A5B}
	EndGlobalSection
EndGlobal
